Microsoft Visual Studio Solution File, Format Version 12.00
# Visual Studio 15
VisualStudioVersion = 15.0.28307.271
MinimumVisualStudioVersion = 10.0.40219.1
Project("{FAE04EC0-301F-11D3-BF4B-00C04F79EFBC}") = "EWSWeb", "EWSWeb.csproj", "{AF661CFA-F88E-4711-BFC7-98B8BB25603F}"
EndProject
Project("{E24C65DC-7377-472B-9ABA-BC803B73C61A}") = "EWSWebDemoVB", "EWSWebDemoVB\", "{503ED08C-82BC-4410-8976-81FE43D0E214}"
	ProjectSection(WebsiteProperties) = preProject
		TargetFrameworkMoniker = ".NETFramework,Version%3Dv4.0"
		ProjectReferences = "{AF661CFA-F88E-4711-BFC7-98B8BB25603F}|EWSoftware.Web.dll;"
		Debug.AspNetCompiler.VirtualPath = "/EWSWebDemoVB"
		Debug.AspNetCompiler.PhysicalPath = "EWSWebDemoVB\"
		Debug.AspNetCompiler.TargetPath = "PrecompiledWeb\EWSWebDemoVB\"
		Debug.AspNetCompiler.Updateable = "true"
		Debug.AspNetCompiler.ForceOverwrite = "true"
		Debug.AspNetCompiler.FixedNames = "false"
		Debug.AspNetCompiler.Debug = "True"
		Release.AspNetCompiler.VirtualPath = "/EWSWebDemoVB"
		Release.AspNetCompiler.PhysicalPath = "EWSWebDemoVB\"
		Release.AspNetCompiler.TargetPath = "PrecompiledWeb\EWSWebDemoVB\"
		Release.AspNetCompiler.Updateable = "true"
		Release.AspNetCompiler.ForceOverwrite = "true"
		Release.AspNetCompiler.FixedNames = "false"
		Release.AspNetCompiler.Debug = "False"
		VWDPort = "59948"
		SlnRelativePath = "EWSWebDemoVB\"
	EndProjectSection
EndProject
Project("{E24C65DC-7377-472B-9ABA-BC803B73C61A}") = "EWSWebDemoCS", "EWSWebDemoCS\", "{0A7E688F-437A-4BDD-A4F7-4F5757C86452}"
	ProjectSection(WebsiteProperties) = preProject
		TargetFrameworkMoniker = ".NETFramework,Version%3Dv4.0"
		ProjectReferences = "{AF661CFA-F88E-4711-BFC7-98B8BB25603F}|EWSoftware.Web.dll;"
		Debug.AspNetCompiler.VirtualPath = "/EWSWebDemoCS"
		Debug.AspNetCompiler.PhysicalPath = "EWSWebDemoCS\"
		Debug.AspNetCompiler.TargetPath = "PrecompiledWeb\EWSWebDemoCS\"
		Debug.AspNetCompiler.Updateable = "true"
		Debug.AspNetCompiler.ForceOverwrite = "true"
		Debug.AspNetCompiler.FixedNames = "false"
		Debug.AspNetCompiler.Debug = "True"
		Release.AspNetCompiler.VirtualPath = "/EWSWebDemoCS"
		Release.AspNetCompiler.PhysicalPath = "EWSWebDemoCS\"
		Release.AspNetCompiler.TargetPath = "PrecompiledWeb\EWSWebDemoCS\"
		Release.AspNetCompiler.Updateable = "true"
		Release.AspNetCompiler.ForceOverwrite = "true"
		Release.AspNetCompiler.FixedNames = "false"
		Release.AspNetCompiler.Debug = "False"
		VWDPort = "59949"
		SlnRelativePath = "EWSWebDemoCS\"
	EndProjectSection
EndProject
Project("{7CF6DF6D-3B04-46F8-A40B-537D21BCA0B4}") = "EWSoftwareWeb", "Doc\EWSoftwareWeb.shfbproj", "{434DBD34-9CD9-4F73-B664-A89F32020916}"
EndProject
Global
	GlobalSection(SolutionConfigurationPlatforms) = preSolution
		Debug|.NET = Debug|.NET
		Debug|Any CPU = Debug|Any CPU
		Debug|Mixed Platforms = Debug|Mixed Platforms
		Release|.NET = Release|.NET
		Release|Any CPU = Release|Any CPU
		Release|Mixed Platforms = Release|Mixed Platforms
	EndGlobalSection
	GlobalSection(ProjectConfigurationPlatforms) = postSolution
		{AF661CFA-F88E-4711-BFC7-98B8BB25603F}.Debug|.NET.ActiveCfg = Debug|Any CPU
		{AF661CFA-F88E-4711-BFC7-98B8BB25603F}.Debug|Any CPU.ActiveCfg = Debug|Any CPU
		{AF661CFA-F88E-4711-BFC7-98B8BB25603F}.Debug|Any CPU.Build.0 = Debug|Any CPU
		{AF661CFA-F88E-4711-BFC7-98B8BB25603F}.Debug|Mixed Platforms.ActiveCfg = Debug|Any CPU
		{AF661CFA-F88E-4711-BFC7-98B8BB25603F}.Debug|Mixed Platforms.Build.0 = Debug|Any CPU
		{AF661CFA-F88E-4711-BFC7-98B8BB25603F}.Release|.NET.ActiveCfg = Release|Any CPU
		{AF661CFA-F88E-4711-BFC7-98B8BB25603F}.Release|Any CPU.ActiveCfg = Release|Any CPU
		{AF661CFA-F88E-4711-BFC7-98B8BB25603F}.Release|Any CPU.Build.0 = Release|Any CPU
		{AF661CFA-F88E-4711-BFC7-98B8BB25603F}.Release|Mixed Platforms.ActiveCfg = Release|Any CPU
		{AF661CFA-F88E-4711-BFC7-98B8BB25603F}.Release|Mixed Platforms.Build.0 = Release|Any CPU
		{503ED08C-82BC-4410-8976-81FE43D0E214}.Debug|.NET.ActiveCfg = Debug|Any CPU
		{503ED08C-82BC-4410-8976-81FE43D0E214}.Debug|Any CPU.ActiveCfg = Debug|Any CPU
		{503ED08C-82BC-4410-8976-81FE43D0E214}.Debug|Any CPU.Build.0 = Debug|Any CPU
		{503ED08C-82BC-4410-8976-81FE43D0E214}.Debug|Mixed Platforms.ActiveCfg = Debug|Any CPU
		{503ED08C-82BC-4410-8976-81FE43D0E214}.Debug|Mixed Platforms.Build.0 = Debug|Any CPU
		{503ED08C-82BC-4410-8976-81FE43D0E214}.Release|.NET.ActiveCfg = Debug|Any CPU
		{503ED08C-82BC-4410-8976-81FE43D0E214}.Release|Any CPU.ActiveCfg = Debug|Any CPU
		{503ED08C-82BC-4410-8976-81FE43D0E214}.Release|Any CPU.Build.0 = Debug|Any CPU
		{503ED08C-82BC-4410-8976-81FE43D0E214}.Release|Mixed Platforms.ActiveCfg = Debug|Any CPU
		{503ED08C-82BC-4410-8976-81FE43D0E214}.Release|Mixed Platforms.Build.0 = Debug|Any CPU
		{0A7E688F-437A-4BDD-A4F7-4F5757C86452}.Debug|.NET.ActiveCfg = Debug|Any CPU
		{0A7E688F-437A-4BDD-A4F7-4F5757C86452}.Debug|Any CPU.ActiveCfg = Debug|Any CPU
		{0A7E688F-437A-4BDD-A4F7-4F5757C86452}.Debug|Any CPU.Build.0 = Debug|Any CPU
		{0A7E688F-437A-4BDD-A4F7-4F5757C86452}.Debug|Mixed Platforms.ActiveCfg = Debug|Any CPU
		{0A7E688F-437A-4BDD-A4F7-4F5757C86452}.Debug|Mixed Platforms.Build.0 = Debug|Any CPU
		{0A7E688F-437A-4BDD-A4F7-4F5757C86452}.Release|.NET.ActiveCfg = Debug|Any CPU
		{0A7E688F-437A-4BDD-A4F7-4F5757C86452}.Release|Any CPU.ActiveCfg = Debug|Any CPU
		{0A7E688F-437A-4BDD-A4F7-4F5757C86452}.Release|Any CPU.Build.0 = Debug|Any CPU
		{0A7E688F-437A-4BDD-A4F7-4F5757C86452}.Release|Mixed Platforms.ActiveCfg = Debug|Any CPU
		{0A7E688F-437A-4BDD-A4F7-4F5757C86452}.Release|Mixed Platforms.Build.0 = Debug|Any CPU
		{434DBD34-9CD9-4F73-B664-A89F32020916}.Debug|.NET.ActiveCfg = Debug|Any CPU
		{434DBD34-9CD9-4F73-B664-A89F32020916}.Debug|.NET.Build.0 = Debug|Any CPU
		{434DBD34-9CD9-4F73-B664-A89F32020916}.Debug|Any CPU.ActiveCfg = Debug|Any CPU
		{434DBD34-9CD9-4F73-B664-A89F32020916}.Debug|Any CPU.Build.0 = Debug|Any CPU
		{434DBD34-9CD9-4F73-B664-A89F32020916}.Debug|Mixed Platforms.ActiveCfg = Debug|Any CPU
		{434DBD34-9CD9-4F73-B664-A89F32020916}.Release|.NET.ActiveCfg = Release|Any CPU
		{434DBD34-9CD9-4F73-B664-A89F32020916}.Release|.NET.Build.0 = Release|Any CPU
		{434DBD34-9CD9-4F73-B664-A89F32020916}.Release|Any CPU.ActiveCfg = Release|Any CPU
		{434DBD34-9CD9-4F73-B664-A89F32020916}.Release|Any CPU.Build.0 = Release|Any CPU
		{434DBD34-9CD9-4F73-B664-A89F32020916}.Release|Mixed Platforms.ActiveCfg = Release|Any CPU
	EndGlobalSection
	GlobalSection(SolutionProperties) = preSolution
		HideSolutionNode = FALSE
	EndGlobalSection
	GlobalSection(ExtensibilityGlobals) = postSolution
		SolutionGuid = {10F07D1A-BD31-45D2-BC4C-24BCCAF458B4}
	EndGlobalSection
EndGlobal
